// !$*UTF8*$!
{
	archiveVersion = 1;
	classes = {
	};
	objectVersion = 56;
	objects = {

/* Begin PBXBuildFile section */
		BE7C71F029B0A19A006825FF /* Car.cpp in Sources */ = {isa = PBXBuildFile; fileRef = BE7C71EE29B0A19A006825FF /* Car.cpp */; };
		BE7C71F529B0E505006825FF /* pointer_with_class.cpp in Sources */ = {isa = PBXBuildFile; fileRef = BE7C71F329B0E505006825FF /* pointer_with_class.cpp */; };
		BED6BBFA29AE379F00952DFD /* main.cpp in Sources */ = {isa = PBXBuildFile; fileRef = BED6BBF929AE379F00952DFD /* main.cpp */; };
		BEFAAC0229B63C610069AB33 /* pointers_in_class.cpp in Sources */ = {isa = PBXBuildFile; fileRef = BEFAAC0029B63C610069AB33 /* pointers_in_class.cpp */; };
/* End PBXBuildFile section */

/* Begin PBXCopyFilesBuildPhase section */
		BED6BBF429AE379F00952DFD /* CopyFiles */ = {
			isa = PBXCopyFilesBuildPhase;
			buildActionMask = 2147483647;
			dstPath = /usr/share/man/man1/;
			dstSubfolderSpec = 0;
			files = (
			);
			runOnlyForDeploymentPostprocessing = 1;
		};
/* End PBXCopyFilesBuildPhase section */

/* Begin PBXFileReference section */
		BE7C71EE29B0A19A006825FF /* Car.cpp */ = {isa = PBXFileReference; lastKnownFileType = sourcecode.cpp.cpp; path = Car.cpp; sourceTree = "<group>"; };
		BE7C71F329B0E505006825FF /* pointer_with_class.cpp */ = {isa = PBXFileReference; lastKnownFileType = sourcecode.cpp.cpp; path = pointer_with_class.cpp; sourceTree = "<group>"; };
		BE7C71F429B0E505006825FF /* pointer_with_class.hpp */ = {isa = PBXFileReference; lastKnownFileType = sourcecode.cpp.h; path = pointer_with_class.hpp; sourceTree = "<group>"; };
		BED6BBF629AE379F00952DFD /* my_c_plus_plus_examples */ = {isa = PBXFileReference; explicitFileType = "compiled.mach-o.executable"; includeInIndex = 0; path = my_c_plus_plus_examples; sourceTree = BUILT_PRODUCTS_DIR; };
		BED6BBF929AE379F00952DFD /* main.cpp */ = {isa = PBXFileReference; lastKnownFileType = sourcecode.cpp.cpp; path = main.cpp; sourceTree = "<group>"; };
		BEDF4B4E29AF51B200BE5C0B /* Car_Header.h */ = {isa = PBXFileReference; lastKnownFileType = sourcecode.c.h; path = Car_Header.h; sourceTree = "<group>"; };
		BEE9F24729AE385000A49F23 /* IntCell.h */ = {isa = PBXFileReference; fileEncoding = 4; lastKnownFileType = sourcecode.c.h; path = IntCell.h; sourceTree = "<group>"; };
		BEE9F24A29AE385000A49F23 /* pointerlara_giris.h */ = {isa = PBXFileReference; fileEncoding = 4; lastKnownFileType = sourcecode.c.h; path = pointerlara_giris.h; sourceTree = "<group>"; };
		BEE9F24C29AE561500A49F23 /* function_overloading.h */ = {isa = PBXFileReference; lastKnownFileType = sourcecode.c.h; path = function_overloading.h; sourceTree = "<group>"; };
		BEE9F24D29AE5DEA00A49F23 /* dynamic_memory.h */ = {isa = PBXFileReference; lastKnownFileType = sourcecode.c.h; path = dynamic_memory.h; sourceTree = "<group>"; };
		BEFAAC0029B63C610069AB33 /* pointers_in_class.cpp */ = {isa = PBXFileReference; lastKnownFileType = sourcecode.cpp.cpp; path = pointers_in_class.cpp; sourceTree = "<group>"; };
		BEFAAC0129B63C610069AB33 /* pointers_in_class.hpp */ = {isa = PBXFileReference; lastKnownFileType = sourcecode.cpp.h; path = pointers_in_class.hpp; sourceTree = "<group>"; };
/* End PBXFileReference section */

/* Begin PBXFrameworksBuildPhase section */
		BED6BBF329AE379F00952DFD /* Frameworks */ = {
			isa = PBXFrameworksBuildPhase;
			buildActionMask = 2147483647;
			files = (
			);
			runOnlyForDeploymentPostprocessing = 0;
		};
/* End PBXFrameworksBuildPhase section */

/* Begin PBXGroup section */
		BE7C71F129B0A209006825FF /* entering_class */ = {
			isa = PBXGroup;
			children = (
				BEDF4B4E29AF51B200BE5C0B /* Car_Header.h */,
				BE7C71EE29B0A19A006825FF /* Car.cpp */,
			);
			path = entering_class;
			sourceTree = "<group>";
		};
		BE7C71F229B0E4F2006825FF /* class_pointers */ = {
			isa = PBXGroup;
			children = (
				BE7C71F329B0E505006825FF /* pointer_with_class.cpp */,
				BE7C71F429B0E505006825FF /* pointer_with_class.hpp */,
			);
			path = class_pointers;
			sourceTree = "<group>";
		};
		BED6BBED29AE379F00952DFD = {
			isa = PBXGroup;
			children = (
				BED6BBF829AE379F00952DFD /* my_c_plus_plus_examples */,
				BED6BBF729AE379F00952DFD /* Products */,
			);
			sourceTree = "<group>";
		};
		BED6BBF729AE379F00952DFD /* Products */ = {
			isa = PBXGroup;
			children = (
				BED6BBF629AE379F00952DFD /* my_c_plus_plus_examples */,
			);
			name = Products;
			sourceTree = "<group>";
		};
		BED6BBF829AE379F00952DFD /* my_c_plus_plus_examples */ = {
			isa = PBXGroup;
			children = (
				BEFAAC0329B63C790069AB33 /* pointers_in_class */,
				BE7C71F229B0E4F2006825FF /* class_pointers */,
				BE7C71F129B0A209006825FF /* entering_class */,
				BED6BBF929AE379F00952DFD /* main.cpp */,
				BEE9F24729AE385000A49F23 /* IntCell.h */,
				BEE9F24A29AE385000A49F23 /* pointerlara_giris.h */,
				BEE9F24C29AE561500A49F23 /* function_overloading.h */,
				BEE9F24D29AE5DEA00A49F23 /* dynamic_memory.h */,
			);
			path = my_c_plus_plus_examples;
			sourceTree = "<group>";
		};
		BEFAAC0329B63C790069AB33 /* pointers_in_class */ = {
			isa = PBXGroup;
			children = (
				BEFAAC0029B63C610069AB33 /* pointers_in_class.cpp */,
				BEFAAC0129B63C610069AB33 /* pointers_in_class.hpp */,
			);
			path = pointers_in_class;
			sourceTree = "<group>";
		};
/* End PBXGroup section */

/* Begin PBXNativeTarget section */
		BED6BBF529AE379F00952DFD /* my_c_plus_plus_examples */ = {
			isa = PBXNativeTarget;
			buildConfigurationList = BED6BBFD29AE379F00952DFD /* Build configuration list for PBXNativeTarget "my_c_plus_plus_examples" */;
			buildPhases = (
				BED6BBF229AE379F00952DFD /* Sources */,
				BED6BBF329AE379F00952DFD /* Frameworks */,
				BED6BBF429AE379F00952DFD /* CopyFiles */,
			);
			buildRules = (
			);
			dependencies = (
			);
			name = my_c_plus_plus_examples;
			productName = my_c_plus_plus_examples;
			productReference = BED6BBF629AE379F00952DFD /* my_c_plus_plus_examples */;
			productType = "com.apple.product-type.tool";
		};
/* End PBXNativeTarget section */

/* Begin PBXProject section */
		BED6BBEE29AE379F00952DFD /* Project object */ = {
			isa = PBXProject;
			attributes = {
				BuildIndependentTargetsInParallel = 1;
				LastUpgradeCheck = 1420;
				TargetAttributes = {
					BED6BBF529AE379F00952DFD = {
						CreatedOnToolsVersion = 14.2;
					};
				};
			};
			buildConfigurationList = BED6BBF129AE379F00952DFD /* Build configuration list for PBXProject "my_c_plus_plus_examples" */;
			compatibilityVersion = "Xcode 14.0";
			developmentRegion = en;
			hasScannedForEncodings = 0;
			knownRegions = (
				en,
				Base,
			);
			mainGroup = BED6BBED29AE379F00952DFD;
			productRefGroup = BED6BBF729AE379F00952DFD /* Products */;
			projectDirPath = "";
			projectRoot = "";
			targets = (
				BED6BBF529AE379F00952DFD /* my_c_plus_plus_examples */,
			);
		};
/* End PBXProject section */

/* Begin PBXSourcesBuildPhase section */
		BED6BBF229AE379F00952DFD /* Sources */ = {
			isa = PBXSourcesBuildPhase;
			buildActionMask = 2147483647;
			files = (
				BE7C71F029B0A19A006825FF /* Car.cpp in Sources */,
				BEFAAC0229B63C610069AB33 /* pointers_in_class.cpp in Sources */,
				BE7C71F529B0E505006825FF /* pointer_with_class.cpp in Sources */,
				BED6BBFA29AE379F00952DFD /* main.cpp in Sources */,
			);
			runOnlyForDeploymentPostprocessing = 0;
		};
/* End PBXSourcesBuildPhase section */

/* Begin XCBuildConfiguration section */
		BED6BBFB29AE379F00952DFD /* Debug */ = {
			isa = XCBuildConfiguration;
			buildSettings = {
				ALWAYS_SEARCH_USER_PATHS = NO;
				CLANG_ANALYZER_NONNULL = YES;
				CLANG_ANALYZER_NUMBER_OBJECT_CONVERSION = YES_AGGRESSIVE;
				CLANG_CXX_LANGUAGE_STANDARD = "gnu++20";
				CLANG_ENABLE_MODULES = YES;
				CLANG_ENABLE_OBJC_ARC = YES;
				CLANG_ENABLE_OBJC_WEAK = YES;
				CLANG_WARN_BLOCK_CAPTURE_AUTORELEASING = YES;
				CLANG_WARN_BOOL_CONVERSION = YES;
				CLANG_WARN_COMMA = YES;
				CLANG_WARN_CONSTANT_CONVERSION = YES;
				CLANG_WARN_DEPRECATED_OBJC_IMPLEMENTATIONS = YES;
				CLANG_WARN_DIRECT_OBJC_ISA_USAGE = YES_ERROR;
				CLANG_WARN_DOCUMENTATION_COMMENTS = YES;
				CLANG_WARN_EMPTY_BODY = YES;
				CLANG_WARN_ENUM_CONVERSION = YES;
				CLANG_WARN_INFINITE_RECURSION = YES;
				CLANG_WARN_INT_CONVERSION = YES;
				CLANG_WARN_NON_LITERAL_NULL_CONVERSION = YES;
				CLANG_WARN_OBJC_IMPLICIT_RETAIN_SELF = YES;
				CLANG_WARN_OBJC_LITERAL_CONVERSION = YES;
				CLANG_WARN_OBJC_ROOT_CLASS = YES_ERROR;
				CLANG_WARN_QUOTED_INCLUDE_IN_FRAMEWORK_HEADER = YES;
				CLANG_WARN_RANGE_LOOP_ANALYSIS = YES;
				CLANG_WARN_STRICT_PROTOTYPES = YES;
				CLANG_WARN_SUSPICIOUS_MOVE = YES;
				CLANG_WARN_UNGUARDED_AVAILABILITY = YES_AGGRESSIVE;
				CLANG_WARN_UNREACHABLE_CODE = YES;
				CLANG_WARN__DUPLICATE_METHOD_MATCH = YES;
				COPY_PHASE_STRIP = NO;
				DEBUG_INFORMATION_FORMAT = dwarf;
				ENABLE_STRICT_OBJC_MSGSEND = YES;
				ENABLE_TESTABILITY = YES;
				GCC_C_LANGUAGE_STANDARD = gnu11;
				GCC_DYNAMIC_NO_PIC = NO;
				GCC_NO_COMMON_BLOCKS = YES;
				GCC_OPTIMIZATION_LEVEL = 0;
				GCC_PREPROCESSOR_DEFINITIONS = (
					"DEBUG=1",
					"$(inherited)",
				);
				GCC_WARN_64_TO_32_BIT_CONVERSION = YES;
				GCC_WARN_ABOUT_RETURN_TYPE = YES_ERROR;
				GCC_WARN_UNDECLARED_SELECTOR = YES;
				GCC_WARN_UNINITIALIZED_AUTOS = YES_AGGRESSIVE;
				GCC_WARN_UNUSED_FUNCTION = YES;
				GCC_WARN_UNUSED_VARIABLE = YES;
				MACOSX_DEPLOYMENT_TARGET = 13.1;
				MTL_ENABLE_DEBUG_INFO = INCLUDE_SOURCE;
				MTL_FAST_MATH = YES;
				ONLY_ACTIVE_ARCH = YES;
				SDKROOT = macosx;
			};
			name = Debug;
		};
		BED6BBFC29AE379F00952DFD /* Release */ = {
			isa = XCBuildConfiguration;
			buildSettings = {
				ALWAYS_SEARCH_USER_PATHS = NO;
				CLANG_ANALYZER_NONNULL = YES;
				CLANG_ANALYZER_NUMBER_OBJECT_CONVERSION = YES_AGGRESSIVE;
				CLANG_CXX_LANGUAGE_STANDARD = "gnu++20";
				CLANG_ENABLE_MODULES = YES;
				CLANG_ENABLE_OBJC_ARC = YES;
				CLANG_ENABLE_OBJC_WEAK = YES;
				CLANG_WARN_BLOCK_CAPTURE_AUTORELEASING = YES;
				CLANG_WARN_BOOL_CONVERSION = YES;
				CLANG_WARN_COMMA = YES;
				CLANG_WARN_CONSTANT_CONVERSION = YES;
				CLANG_WARN_DEPRECATED_OBJC_IMPLEMENTATIONS = YES;
				CLANG_WARN_DIRECT_OBJC_ISA_USAGE = YES_ERROR;
				CLANG_WARN_DOCUMENTATION_COMMENTS = YES;
				CLANG_WARN_EMPTY_BODY = YES;
				CLANG_WARN_ENUM_CONVERSION = YES;
				CLANG_WARN_INFINITE_RECURSION = YES;
				CLANG_WARN_INT_CONVERSION = YES;
				CLANG_WARN_NON_LITERAL_NULL_CONVERSION = YES;
				CLANG_WARN_OBJC_IMPLICIT_RETAIN_SELF = YES;
				CLANG_WARN_OBJC_LITERAL_CONVERSION = YES;
				CLANG_WARN_OBJC_ROOT_CLASS = YES_ERROR;
				CLANG_WARN_QUOTED_INCLUDE_IN_FRAMEWORK_HEADER = YES;
				CLANG_WARN_RANGE_LOOP_ANALYSIS = YES;
				CLANG_WARN_STRICT_PROTOTYPES = YES;
				CLANG_WARN_SUSPICIOUS_MOVE = YES;
				CLANG_WARN_UNGUARDED_AVAILABILITY = YES_AGGRESSIVE;
				CLANG_WARN_UNREACHABLE_CODE = YES;
				CLANG_WARN__DUPLICATE_METHOD_MATCH = YES;
				COPY_PHASE_STRIP = NO;
				DEBUG_INFORMATION_FORMAT = "dwarf-with-dsym";
				ENABLE_NS_ASSERTIONS = NO;
				ENABLE_STRICT_OBJC_MSGSEND = YES;
				GCC_C_LANGUAGE_STANDARD = gnu11;
				GCC_NO_COMMON_BLOCKS = YES;
				GCC_WARN_64_TO_32_BIT_CONVERSION = YES;
				GCC_WARN_ABOUT_RETURN_TYPE = YES_ERROR;
				GCC_WARN_UNDECLARED_SELECTOR = YES;
				GCC_WARN_UNINITIALIZED_AUTOS = YES_AGGRESSIVE;
				GCC_WARN_UNUSED_FUNCTION = YES;
				GCC_WARN_UNUSED_VARIABLE = YES;
				MACOSX_DEPLOYMENT_TARGET = 13.1;
				MTL_ENABLE_DEBUG_INFO = NO;
				MTL_FAST_MATH = YES;
				SDKROOT = macosx;
			};
			name = Release;
		};
		BED6BBFE29AE379F00952DFD /* Debug */ = {
			isa = XCBuildConfiguration;
			buildSettings = {
				CODE_SIGN_STYLE = Automatic;
				PRODUCT_NAME = "$(TARGET_NAME)";
			};
			name = Debug;
		};
		BED6BBFF29AE379F00952DFD /* Release */ = {
			isa = XCBuildConfiguration;
			buildSettings = {
				CODE_SIGN_STYLE = Automatic;
				PRODUCT_NAME = "$(TARGET_NAME)";
			};
			name = Release;
		};
/* End XCBuildConfiguration section */

/* Begin XCConfigurationList section */
		BED6BBF129AE379F00952DFD /* Build configuration list for PBXProject "my_c_plus_plus_examples" */ = {
			isa = XCConfigurationList;
			buildConfigurations = (
				BED6BBFB29AE379F00952DFD /* Debug */,
				BED6BBFC29AE379F00952DFD /* Release */,
			);
			defaultConfigurationIsVisible = 0;
			defaultConfigurationName = Release;
		};
		BED6BBFD29AE379F00952DFD /* Build configuration list for PBXNativeTarget "my_c_plus_plus_examples" */ = {
			isa = XCConfigurationList;
			buildConfigurations = (
				BED6BBFE29AE379F00952DFD /* Debug */,
				BED6BBFF29AE379F00952DFD /* Release */,
			);
			defaultConfigurationIsVisible = 0;
			defaultConfigurationName = Release;
		};
/* End XCConfigurationList section */
	};
	rootObject = BED6BBEE29AE379F00952DFD /* Project object */;
}
